
Microsoft Visual Studio Solution File, Format Version 12.00
# Visual Studio Version 16
VisualStudioVersion = 16.0.31515.178
MinimumVisualStudioVersion = 10.0.40219.1
Project("{8BC9CEB8-8B4A-11D0-8D11-00A0C91BC942}") = "ChromeFrameDumper", "ChromeFrameDumper\ChromeFrameDumper.vcxproj", "{37152E31-B175-4A03-814A-F26799C4D116}"
EndProject
Global
	GlobalSection(SolutionConfigurationPlatforms) = preSolution
		Debug|x64 = Debug|x64
		DebugCon|x64 = DebugCon|x64
		Release|x64 = Release|x64
	EndGlobalSection
	GlobalSection(ProjectConfigurationPlatforms) = postSolution
		{37152E31-B175-4A03-814A-F26799C4D116}.Debug|x64.ActiveCfg = Debug|x64
		{37152E31-B175-4A03-814A-F26799C4D116}.Debug|x64.Build.0 = Debug|x64
		{37152E31-B175-4A03-814A-F26799C4D116}.DebugCon|x64.ActiveCfg = DebugCon|x64
		{37152E31-B175-4A03-814A-F26799C4D116}.DebugCon|x64.Build.0 = DebugCon|x64
		{37152E31-B175-4A03-814A-F26799C4D116}.Release|x64.ActiveCfg = Release|x64
		{37152E31-B175-4A03-814A-F26799C4D116}.Release|x64.Build.0 = Release|x64
	EndGlobalSection
	GlobalSection(SolutionProperties) = preSolution
		HideSolutionNode = FALSE
	EndGlobalSection
	GlobalSection(ExtensibilityGlobals) = postSolution
		SolutionGuid = {1C38E635-6D2C-450B-A0ED-C2635743C57D}
	EndGlobalSection
EndGlobal
